Microsoft Visual Studio Solution File, Format Version 12.00
# Visual Studio Version 17
VisualStudioVersion = 17.5.2.0
MinimumVisualStudioVersion = 10.0.40219.1
Project("{FAE04EC0-301F-11D3-BF4B-00C04F79EFBC}") = "EmpresaAut", "EmpresaAut\EmpresaAut.csproj", "{29F1DC3D-FA1F-A2D8-36DC-7B0FF8ADE294}"
EndProject
Global
	GlobalSection(SolutionConfigurationPlatforms) = preSolution
		Debug|Any CPU = Debug|Any CPU
		Release|Any CPU = Release|Any CPU
	EndGlobalSection
	GlobalSection(ProjectConfigurationPlatforms) = postSolution
		{29F1DC3D-FA1F-A2D8-36DC-7B0FF8ADE294}.Debug|Any CPU.ActiveCfg = Debug|Any CPU
		{29F1DC3D-FA1F-A2D8-36DC-7B0FF8ADE294}.Debug|Any CPU.Build.0 = Debug|Any CPU
		{29F1DC3D-FA1F-A2D8-36DC-7B0FF8ADE294}.Release|Any CPU.ActiveCfg = Release|Any CPU
		{29F1DC3D-FA1F-A2D8-36DC-7B0FF8ADE294}.Release|Any CPU.Build.0 = Release|Any CPU
	EndGlobalSection
	GlobalSection(SolutionProperties) = preSolution
		HideSolutionNode = FALSE
	EndGlobalSection
	GlobalSection(ExtensibilityGlobals) = postSolution
		SolutionGuid = {EEFD8123-AF1B-4520-8451-F2C5E39D8983}
	EndGlobalSection
EndGlobal
